
Microsoft Visual Studio Solution File, Format Version 12.00
# Visual Studio Version 16
VisualStudioVersion = 16.0.31321.278
MinimumVisualStudioVersion = 10.0.40219.1
Project("{FAE04EC0-301F-11D3-BF4B-00C04F79EFBC}") = "ClientSocketApp", "ClientSocketApp\ClientSocketApp.csproj", "{D2A632FE-24E7-4D44-A963-35E814DEB663}"
EndProject
Global
	GlobalSection(SolutionConfigurationPlatforms) = preSolution
		Debug|Any CPU = Debug|Any CPU
		Release|Any CPU = Release|Any CPU
	EndGlobalSection
	GlobalSection(ProjectConfigurationPlatforms) = postSolution
		{D2A632FE-24E7-4D44-A963-35E814DEB663}.Debug|Any CPU.ActiveCfg = Debug|Any CPU
		{D2A632FE-24E7-4D44-A963-35E814DEB663}.Debug|Any CPU.Build.0 = Debug|Any CPU
		{D2A632FE-24E7-4D44-A963-35E814DEB663}.Release|Any CPU.ActiveCfg = Release|Any CPU
		{D2A632FE-24E7-4D44-A963-35E814DEB663}.Release|Any CPU.Build.0 = Release|Any CPU
	EndGlobalSection
	GlobalSection(SolutionProperties) = preSolution
		HideSolutionNode = FALSE
	EndGlobalSection
	GlobalSection(ExtensibilityGlobals) = postSolution
		SolutionGuid = {F3F4EDD0-F2FA-4EA1-9241-19A18328BE8F}
	EndGlobalSection
EndGlobal
